
Microsoft Visual Studio Solution File, Format Version 12.00
# Visual Studio Version 17
VisualStudioVersion = 17.13.35818.85 d17.13
MinimumVisualStudioVersion = 10.0.40219.1
Project("{FAE04EC0-301F-11D3-BF4B-00C04F79EFBC}") = "CustomTV", "CustomTV.csproj", "{8F3D375D-015B-5461-3276-1E6E0767B0E2}"
EndProject
Global
	GlobalSection(SolutionConfigurationPlatforms) = preSolution
		Debug|Any CPU = Debug|Any CPU
		Debug|ARM64 = Debug|ARM64
		Release|Any CPU = Release|Any CPU
		Release|ARM64 = Release|ARM64
	EndGlobalSection
	GlobalSection(ProjectConfigurationPlatforms) = postSolution
		{8F3D375D-015B-5461-3276-1E6E0767B0E2}.Debug|Any CPU.ActiveCfg = Debug|Any CPU
		{8F3D375D-015B-5461-3276-1E6E0767B0E2}.Debug|Any CPU.Build.0 = Debug|Any CPU
		{8F3D375D-015B-5461-3276-1E6E0767B0E2}.Debug|ARM64.ActiveCfg = Debug|ARM64
		{8F3D375D-015B-5461-3276-1E6E0767B0E2}.Debug|ARM64.Build.0 = Debug|ARM64
		{8F3D375D-015B-5461-3276-1E6E0767B0E2}.Release|Any CPU.ActiveCfg = Release|Any CPU
		{8F3D375D-015B-5461-3276-1E6E0767B0E2}.Release|Any CPU.Build.0 = Release|Any CPU
		{8F3D375D-015B-5461-3276-1E6E0767B0E2}.Release|ARM64.ActiveCfg = Release|ARM64
		{8F3D375D-015B-5461-3276-1E6E0767B0E2}.Release|ARM64.Build.0 = Release|ARM64
	EndGlobalSection
	GlobalSection(SolutionProperties) = preSolution
		HideSolutionNode = FALSE
	EndGlobalSection
	GlobalSection(ExtensibilityGlobals) = postSolution
		SolutionGuid = {705002C6-A666-4CD5-A1B0-B9C6E06FFE47}
	EndGlobalSection
EndGlobal
